<mxfile modified="2019-02-23T06:04:23.075Z" host="www.draw.io" agent="Mozilla/5.0 (Macintosh; Intel Mac OS X 10_14_3) AppleWebKit/537.36 (KHTML, like Gecko) draw.io/9.3.1 Chrome/66.0.3359.181 Electron/3.0.6 Safari/537.36" etag="M56GPFNaCn_FHOVc6l-q" version="10.2.6" type="device"><diagram id="H0OpEw02lPrgjc_LeLAC" name="Page-1">7Z1tj9o4EMc/DS97ivNA4OWxd+1J11ZV96S+RF5iIGoSR4m3u9tPfw7YLNQgaIozw920lUqc5+Sfn2fGY3sU3ZXP7xperz/ITBSjMMieR9EfozBkjAX6v67kZVuSJtNtwarJM7PRa8F9/l2YQrPf6jHPRHuwoZKyUHl9WLiQVSUW6qCMN418OtxsKYvDs9Z8JZyC+wUv3NIveabW29JJmL6W/yXy1dqemY3N/ZXcbmzupF3zTD7tFUV/jqK7Rkq1/VU+34mie3j2uWz3e3ti7e7CGlGpS3Z4W1ZvPn55ZPzj14eXtFrM7x8/vzEX+40Xj+aGy2L+2IrGXLN6sQ+ifcrLgld6abaUlbo3awK9vFjnRfaev8jH7kJaxRdf7dJsLZv8u96eF3oV0wV6daPMew7H3dHyoriThWw254lE0P092PO+O6I5VyNave8ne9fsh6IP/Plgw/e8VfYqZVHwus0fNtfd7VjyZpVXM6mULM1G9i7fHl7UcvNHr+dFvqp02UKfSz8k8yy2d8NivWyep2iUeD75otju9evvRshSqOZFb2J3CIxizCeTxNvFp1f9sbHZZL2nvSgJje6N5le7Q7/KQv8wyvgJldiPcU8mentHIWtedz/1naqcF5/158irVbd2pmRtHnAhlvaFNObSu98P9iWwvYe83XbWPcxcf5G/m+Iyz7LNUfeVU8mNNNuaL/Jq9X57lih+LfpsztYVSX3IZbH5GNf6YKLqrkYqrvjDTtS1zCu1eZDJTP/TT+Au+C0ZJfpO7/Qye13W/7rNG3Unq1Y1PN+8ZqGV9yQ69c2yRtb/aK0Je7f7H1Dyg4jCS0V0+nt2lWWUpL+3y5QU+BISc4T06e9fFtLD/hd8RBSX6ulQPFfTzjl5dLdplH+xEEx1Z875WsmcFQgLjitkTxLRoIoIHUVUvBR+4BKcF8PmYDdOlgFIklxIEkuc6+smcnQDzZGtdP4XEAl7QcSfGGIXIrk2GbsTRizYPQPiCVaeTEJoniTEEziexMh4MnbEwL/ph3nEKyaMYMIICybQHEmJI3AcGePiSOgaqfW6e2dkmNwMUaILo2/+ROQat0SUoYiy/YIREcU1UzPRLogiyCliiQFHEdekJYoMRpEEGUVcI1WUPC8II8gxMoEOu4YTwggcRlJkGHGzB2retk+yyYgkuEkS2nY3MJJYpRJJIEhyQh1QJLGZK3tiWJVqvmgEV9QWjJ0lEXTQNaHGYDiWJMgagxM3XtaxpJRZvswFWSbYaTKGDrgm1BQMSBNkTcFTlyYbq0RSWzB2kEyhY65TAgkcSKbYQOL6u60i7wY9RiIGHXOduknzhJHBMNIvX95ffpGHADwRxC9B4gtjrbab1fVF4wbqiSCDJaVNehHEmxhitzopi7la5002rwuulrIp53m1lK5EqAvoCKYLaBxe6svEE1+ycUP0XR9Qz4mM1B30lyqm+ITMsPQHjd3APfUHHbR2ivtF7/0pwo23qZeavGRwG/cMSsA7hMYUbAOkCLJgW+xmu8paVHNfo1YQSK4GEvCeoDH14AIECbIeXLEbbutGRyKQ4AcJfF/QmMJugCTpF3bzl1XiViuU4ng7MAHvBppQzwvArCRkPS8St2ahHMdbwgl4f1B7MsIJBE6Qdb+YuuESSnK8EZKAdwmdUrwEMD0JWbxk6rYSU5bjLXAEvkPolDpxAXKkXzOwPwfHg3lKCPGMkEv7gXpLbUsoUxrQqemXKe1NDOPjeY585UqC8hpHw+Q1xpN+U1tYs/L6InHtVZrZAmUq4xh5KuOYUhmBK6BxPxvWnyKOjEq/mdqCBn9FY9KeoQp4VuOYshoBgYIsqzElp/jmCHJpOqM3NyglnxiOICkynzh13R3tEy+4EitpDk+OMYRjvBusBItjnLruDDnGKB3j9ITbg8UxTl03iBzjYWuhfpMY+FOE69TQnI8YbNkzKAH3hlOaxACQIsgmMZh4cGyIIH4JAu4N2wsgggAQZHLCB4LyhqdulwrtDXdvfVEcsUbIGR7IGR73bCUO7cd8faW4/S3IG0bpDU9PdPvD4g3vRnYidxgs17Ff7wuPknAtWfKHMVizZ2AC7g+zgMxZwIEdg372rEc5uEF7mh30BkACPuYNC2iSYUiQIJtlmAVuhF7fnepug1iCmyXww96wgML0kDBBFqdngRs8UXw1z7OWYIIdJuDD3jDmxksIJsPBBNlIFYy5sRKbvkaD8t0AUMAHvmG2ozsBBQIoDFvM5Mh0oTTC543ABHzsG0ZzhULCBNtkoSzwMBYSUcRzk/ClI9/4m54roLE9IX2cfoN7+pND6DbjlMV8zbtdf1QFJSWNYJKSIhsjP4sNO6WNB6G4tiulJaFMSzLfNOK8pNC1ZCkvadiKKOxnznrUhNuQQ4lJGEzacziBz0wKaVRYSJIgGxaWha6HQ9P63QJJ4FOTQppFB5IkyKbRYUfmeTQ9dihkfwM8QZCedGRySALKYECJsaUnRR7agwkjvjFyaWKSvyhtROPVA2Jk+9UiCtofmTa2LOZaAI2Yr/P2SOI0he5Hw4TuJ6mxOX6yPzHzF1lL3EoHv/U6Dv7z1U58oi3wJ8P0HhNOMA4z/T+qd5Lz9Y4Nvg4jiCMT+S0b/S6JJchZYqsAOJYcmSGDSDIYScbnx4YdmCSuTaIkcQQ7R1LwgNqRqS+II8NxBJ1F4mYl3U6EnniyGwsAECiUVQ8JlPNpSFcCil5spFR76941vF5/kJnotvgX</diagram></mxfile>